github.com/Azure/azure-pipeline-go v0.2.0/go.mod h1:SIBjTji/wnj2Mk2Z7+YsWrDLe4hQ5natSjDyna2yVX0=
github.com/mattn/go-ieproxy v0.0.0-20190610004146-91bb50d98149/go.mod h1:31jz6HNzdxOmlERGGEc4v/dMssOfmp2p5bT/okiKFFc=
gopkg.in/check.v1 v1.0.0-20180628173108-788fd7840127/go.mod h1:Co6ibVJAznAaIkqp8huTwlJQCZ016jof/cbN4VW5Yz0=
